schema: '2.0'
stages:
  train:
    cmd: python py_code.py
    deps:
    - path: Iris.csv
      md5: 9e209d6b1d8cc61e4087811e2c18646d
      size: 5007
    - path: py_code.py
      md5: 628f39ec45000f66cbfff9172e95073c
      size: 1941
    outs:
    - path: Decision_Tree_model
      md5: 29b38167288095316aac97b2ceacb2cd
      size: 1585
    - path: Random_Forest_model
      md5: 2b00d9398708e1d6fd8ec757552a7d8b
      size: 74699
