schema: '2.0'
stages:
  train:
    cmd: python py_code.py
    deps:
    - path: Iris.csv
      md5: 9e209d6b1d8cc61e4087811e2c18646d
      size: 5007
    - path: py_code.py
      md5: aa32c43dbf72b4e930259d1cc294bdaa
      size: 1946
    outs:
    - path: Decision_Tree_model
      md5: bf2780060c6008da4a3d022734b20f1f
      size: 1585
    - path: Random_Forest_model
      md5: bd391e8bf9711e3b26449f137380395b
      size: 73253
