schema: '2.0'
stages:
  train:
    cmd: python py_code.py
    deps:
    - path: Iris.csv
      md5: 5373c3abcc31489eefe05a390ef15c37
      size: 4907
    - path: py_code.py
      md5: c866ad7016167b49aab13bc042ffe11b
      size: 1943
    outs:
    - path: Decision_Tree_model
      md5: 212b2940717d7f067b568e272976ca39
      size: 1585
    - path: Random_Forest_model
      md5: 87f7cf228f1ae09a78f8d8bc4f997a5a
      size: 73416
